
Microsoft Visual Studio Solution File, Format Version 12.00
# Visual Studio 15
VisualStudioVersion = 15.0.26730.16
MinimumVisualStudioVersion = 10.0.40219.1
Project("{2150E333-8FDC-42A3-9474-1A3956D46DE8}") = "1. Environment Setup", "1. Environment Setup", "{B3505491-272D-4A81-95C1-61DC69C5CE37}"
EndProject
Project("{2150E333-8FDC-42A3-9474-1A3956D46DE8}") = "2. Java Meets .Net", "2. Java Meets .Net", "{FB79588E-7F7B-4196-9A6D-430A1E4E204D}"
EndProject
Project("{2150E333-8FDC-42A3-9474-1A3956D46DE8}") = "3. Integration - Basics", "3. Integration - Basics", "{8858BCA9-96E3-470E-B833-199568449E47}"
EndProject
Project("{2150E333-8FDC-42A3-9474-1A3956D46DE8}") = "4. Integration - Advanced", "4. Integration - Advanced", "{AF407003-7A19-4CE2-80CF-66C50FBDFD64}"
EndProject
Project("{2150E333-8FDC-42A3-9474-1A3956D46DE8}") = "5. Real World Scenarios", "5. Real World Scenarios", "{772CAF3A-1CCC-4B3F-9D32-2BAAEC1AE977}"
EndProject
Project("{2150E333-8FDC-42A3-9474-1A3956D46DE8}") = "01_04", "01_04", "{D78E3A18-E04D-4017-B0E9-0A813FC287DB}"
EndProject
Project("{2150E333-8FDC-42A3-9474-1A3956D46DE8}") = "03_01", "03_01", "{CC13E674-10C6-4581-BC8E-C055F00A8EF3}"
EndProject
Project("{2150E333-8FDC-42A3-9474-1A3956D46DE8}") = "03_02", "03_02", "{2C3D6518-DF36-4514-9316-ABC1EE69B316}"
EndProject
Project("{2150E333-8FDC-42A3-9474-1A3956D46DE8}") = "03_03", "03_03", "{DB33660C-D9B2-4A22-B97D-4E7EBD035507}"
EndProject
Project("{2150E333-8FDC-42A3-9474-1A3956D46DE8}") = "03_04", "03_04", "{084FCF40-E2CD-409C-B22D-4A27C4EFFCB9}"
EndProject
Project("{2150E333-8FDC-42A3-9474-1A3956D46DE8}") = "03_05", "03_05", "{50BE30D1-7E25-4505-8FE4-975B7FCF7058}"
EndProject
Project("{2150E333-8FDC-42A3-9474-1A3956D46DE8}") = "04_01", "04_01", "{2D7C685B-E5F2-411E-850A-8258D4AD957A}"
EndProject
Project("{2150E333-8FDC-42A3-9474-1A3956D46DE8}") = "04_02", "04_02", "{01D3B6CF-ED01-4C06-856F-48FE981093E5}"
EndProject
Project("{2150E333-8FDC-42A3-9474-1A3956D46DE8}") = "04_03", "04_03", "{CD6CF08A-C433-4BF1-8823-DDB960B7BA49}"
EndProject
Project("{2150E333-8FDC-42A3-9474-1A3956D46DE8}") = "04_04", "04_04", "{0AC63671-0D9D-43D6-A434-3A9F2D15ADB9}"
EndProject
Project("{2150E333-8FDC-42A3-9474-1A3956D46DE8}") = "05_01", "05_01", "{33831B2D-8428-44F7-BC03-5838B8E1457D}"
EndProject
Project("{2150E333-8FDC-42A3-9474-1A3956D46DE8}") = "05_03", "05_03", "{0E6D63CC-E5F6-4FC5-B853-06176900D0EA}"
EndProject
Project("{2150E333-8FDC-42A3-9474-1A3956D46DE8}") = "End", "End", "{13D391B3-7C46-4773-A357-E7D0E3C384C2}"
EndProject
Project("{2150E333-8FDC-42A3-9474-1A3956D46DE8}") = "Begin", "Begin", "{16E38387-BDA0-4334-A032-6FDA2C2215D5}"
EndProject
Project("{2150E333-8FDC-42A3-9474-1A3956D46DE8}") = "Begin", "Begin", "{88ADC8C1-F757-44DF-8EEB-5B8CFC49BB97}"
EndProject
Project("{2150E333-8FDC-42A3-9474-1A3956D46DE8}") = "End", "End", "{25062A26-1B51-40F2-BC00-20D69C4202CC}"
EndProject
Project("{FAE04EC0-301F-11D3-BF4B-00C04F79EFBC}") = "StaticInstanceComponent", "Ch03\03_01\End\StaticInstanceComponent\StaticInstanceComponent.csproj", "{A09EE9C7-2027-4D00-81F7-6078FDC056D9}"
EndProject
Project("{FAE04EC0-301F-11D3-BF4B-00C04F79EFBC}") = "StaticInstanceClient", "Ch03\03_01\End\StaticInstanceClient\StaticInstanceClient.csproj", "{C28CA417-FC28-4D70-8B15-6632973AF7B7}"
EndProject
Project("{2150E333-8FDC-42A3-9474-1A3956D46DE8}") = "Begin", "Begin", "{4C8A1161-97CC-420C-A686-9FE9262F0B0F}"
EndProject
Project("{2150E333-8FDC-42A3-9474-1A3956D46DE8}") = "Begin", "Begin", "{9CADE312-7875-494B-8F1E-2C48158D4FAD}"
EndProject
Project("{2150E333-8FDC-42A3-9474-1A3956D46DE8}") = "Begin", "Begin", "{8599E453-5025-4A65-9829-DE40459591CF}"
EndProject
Project("{2150E333-8FDC-42A3-9474-1A3956D46DE8}") = "Begin", "Begin", "{2579D16F-3F36-4786-A721-6BC7AA73C0F2}"
EndProject
Project("{2150E333-8FDC-42A3-9474-1A3956D46DE8}") = "Begin", "Begin", "{BFA4C0DD-0A8C-4616-9608-3BC12CDF3CB2}"
EndProject
Project("{2150E333-8FDC-42A3-9474-1A3956D46DE8}") = "Begin", "Begin", "{7BFB1E28-8001-4A8E-B26A-4140D3136EC9}"
EndProject
Project("{2150E333-8FDC-42A3-9474-1A3956D46DE8}") = "Begin", "Begin", "{2F339B44-6721-4811-8647-1CFA80D47DB5}"
EndProject
Project("{2150E333-8FDC-42A3-9474-1A3956D46DE8}") = "Begin", "Begin", "{D4CBCCA7-0BA3-48BE-8DDE-03088B6E0D4E}"
EndProject
Project("{2150E333-8FDC-42A3-9474-1A3956D46DE8}") = "Begin", "Begin", "{C01D22BC-A143-4522-B3C2-6D175606D4E9}"
EndProject
Project("{2150E333-8FDC-42A3-9474-1A3956D46DE8}") = "Begin", "Begin", "{39ACEECA-FB4D-4938-8A86-C2BA9633AE03}"
EndProject
Project("{2150E333-8FDC-42A3-9474-1A3956D46DE8}") = "End", "End", "{FAE115A9-36C0-4896-857F-2C5F14E3BCD9}"
EndProject
Project("{2150E333-8FDC-42A3-9474-1A3956D46DE8}") = "End", "End", "{2EE0C783-CAE9-422E-B16D-C68B8843EB83}"
EndProject
Project("{2150E333-8FDC-42A3-9474-1A3956D46DE8}") = "End", "End", "{4E004BE7-194C-4170-A9F4-74C81E97067B}"
EndProject
Project("{2150E333-8FDC-42A3-9474-1A3956D46DE8}") = "End", "End", "{700410A1-0265-4E73-A294-BFB3E54F44C7}"
EndProject
Project("{2150E333-8FDC-42A3-9474-1A3956D46DE8}") = "End", "End", "{4A0E1F44-3BAB-46D2-B4C8-D7782FC97E0A}"
EndProject
Project("{2150E333-8FDC-42A3-9474-1A3956D46DE8}") = "End", "End", "{983C8872-C7EE-4A5C-925E-7A08DAA6B95D}"
EndProject
Project("{2150E333-8FDC-42A3-9474-1A3956D46DE8}") = "End", "End", "{4469000E-05F0-46EF-B913-3752A387DA5F}"
EndProject
Project("{2150E333-8FDC-42A3-9474-1A3956D46DE8}") = "End", "End", "{015BFBCD-E664-4F0D-8379-CAC9E1AB28DB}"
EndProject
Project("{2150E333-8FDC-42A3-9474-1A3956D46DE8}") = "End", "End", "{029A9D74-5F23-46E8-8528-8B631AB59DF1}"
EndProject
Project("{2150E333-8FDC-42A3-9474-1A3956D46DE8}") = "End", "End", "{C7FF861D-C5D7-4D01-84DE-65A36519F081}"
EndProject
Project("{FAE04EC0-301F-11D3-BF4B-00C04F79EFBC}") = "PassingArgsComponent", "Ch03\03_03\End\PassingArgumentsSDK\PassingArgsComponent.csproj", "{2626901D-54D5-4DE6-8EFF-F63F4BF51A9E}"
EndProject
Project("{FAE04EC0-301F-11D3-BF4B-00C04F79EFBC}") = "PassingArraysComponent", "Ch03\03_04\End\PassingArraysComponent\PassingArraysComponent.csproj", "{4F5B3749-B765-471A-B6BC-5977F3DB7965}"
EndProject
Project("{FAE04EC0-301F-11D3-BF4B-00C04F79EFBC}") = "EnumsComponent", "Ch03\03_05\End\EnumsComponent\EnumsComponent.csproj", "{AD5CE27A-C19B-4F4C-8CC0-46CCD094E018}"
EndProject
Project("{FAE04EC0-301F-11D3-BF4B-00C04F79EFBC}") = "FieldsPropertiesComponent", "Ch03\03_02\End\FieldsPropertiesComponent\FieldsPropertiesComponent.csproj", "{94B3085C-963E-4356-BE52-D1CC5E9B6AE1}"
EndProject
Project("{FAE04EC0-301F-11D3-BF4B-00C04F79EFBC}") = "EventsComponent", "Ch04\04_01\End\EventsComponent\EventsComponent.csproj", "{7BB2CA3F-B138-4C68-B8C5-1D1A3DC3B32B}"
EndProject
Project("{FAE04EC0-301F-11D3-BF4B-00C04F79EFBC}") = "DisposeComponent", "Ch04\04_02\End\DisposeComponent\DisposeComponent.csproj", "{25FDFF2A-009A-47E1-B306-74979DC1D080}"
EndProject
Project("{FAE04EC0-301F-11D3-BF4B-00C04F79EFBC}") = "WrapperComponent", "Ch04\04_04\End\WrapperComponent\WrapperComponent.csproj", "{360AFA3F-C41A-4CB3-84B7-215201B1426D}"
EndProject
Project("{FAE04EC0-301F-11D3-BF4B-00C04F79EFBC}") = "DemoWindowsFormsControl", "Ch04\04_03\End\DemoWindowsFormsControl\DemoWindowsFormsControl.csproj", "{31E5EAC6-44DF-461D-9903-6ED053F2BED4}"
EndProject
Project("{FAE04EC0-301F-11D3-BF4B-00C04F79EFBC}") = "GanttChartExample", "Ch05\05_01\End\ganttchart-master\GanttChartExample\GanttChartExample.csproj", "{CB1A820C-A524-4A4E-A7D7-4E49151C79FA}"
EndProject
Project("{FAE04EC0-301F-11D3-BF4B-00C04F79EFBC}") = "VehicleTest", "Ch01\01_04\End\VehicleTest\VehicleTest.csproj", "{A16652B3-F989-4C76-881C-C910F0C15F01}"
EndProject
Project("{FAE04EC0-301F-11D3-BF4B-00C04F79EFBC}") = "Arebis.Pdf", "Ch05\05_03\End\Arebis.Pdf\Arebis.Pdf.csproj", "{7C1156BB-B128-47B7-8EB0-ECF2002AC217}"
EndProject
Project("{FAE04EC0-301F-11D3-BF4B-00C04F79EFBC}") = "CarComponent", "Ch01\01_04\End\CarComponent\CarComponent.csproj", "{8AB9F453-0D84-4ABF-A2B7-5D5D65683C3C}"
EndProject
Global
	GlobalSection(SolutionConfigurationPlatforms) = preSolution
		Debug|Any CPU = Debug|Any CPU
		Debug|x86 = Debug|x86
		Release|Any CPU = Release|Any CPU
		Release|x86 = Release|x86
	EndGlobalSection
	GlobalSection(ProjectConfigurationPlatforms) = postSolution
		{A09EE9C7-2027-4D00-81F7-6078FDC056D9}.Debug|Any CPU.ActiveCfg = Debug|Any CPU
		{A09EE9C7-2027-4D00-81F7-6078FDC056D9}.Debug|Any CPU.Build.0 = Debug|Any CPU
		{A09EE9C7-2027-4D00-81F7-6078FDC056D9}.Debug|x86.ActiveCfg = Debug|Any CPU
		{A09EE9C7-2027-4D00-81F7-6078FDC056D9}.Debug|x86.Build.0 = Debug|Any CPU
		{A09EE9C7-2027-4D00-81F7-6078FDC056D9}.Release|Any CPU.ActiveCfg = Release|Any CPU
		{A09EE9C7-2027-4D00-81F7-6078FDC056D9}.Release|Any CPU.Build.0 = Release|Any CPU
		{A09EE9C7-2027-4D00-81F7-6078FDC056D9}.Release|x86.ActiveCfg = Release|Any CPU
		{A09EE9C7-2027-4D00-81F7-6078FDC056D9}.Release|x86.Build.0 = Release|Any CPU
		{C28CA417-FC28-4D70-8B15-6632973AF7B7}.Debug|Any CPU.ActiveCfg = Debug|Any CPU
		{C28CA417-FC28-4D70-8B15-6632973AF7B7}.Debug|Any CPU.Build.0 = Debug|Any CPU
		{C28CA417-FC28-4D70-8B15-6632973AF7B7}.Debug|x86.ActiveCfg = Debug|Any CPU
		{C28CA417-FC28-4D70-8B15-6632973AF7B7}.Debug|x86.Build.0 = Debug|Any CPU
		{C28CA417-FC28-4D70-8B15-6632973AF7B7}.Release|Any CPU.ActiveCfg = Release|Any CPU
		{C28CA417-FC28-4D70-8B15-6632973AF7B7}.Release|Any CPU.Build.0 = Release|Any CPU
		{C28CA417-FC28-4D70-8B15-6632973AF7B7}.Release|x86.ActiveCfg = Release|Any CPU
		{C28CA417-FC28-4D70-8B15-6632973AF7B7}.Release|x86.Build.0 = Release|Any CPU
		{2626901D-54D5-4DE6-8EFF-F63F4BF51A9E}.Debug|Any CPU.ActiveCfg = Debug|Any CPU
		{2626901D-54D5-4DE6-8EFF-F63F4BF51A9E}.Debug|Any CPU.Build.0 = Debug|Any CPU
		{2626901D-54D5-4DE6-8EFF-F63F4BF51A9E}.Debug|x86.ActiveCfg = Debug|Any CPU
		{2626901D-54D5-4DE6-8EFF-F63F4BF51A9E}.Debug|x86.Build.0 = Debug|Any CPU
		{2626901D-54D5-4DE6-8EFF-F63F4BF51A9E}.Release|Any CPU.ActiveCfg = Release|Any CPU
		{2626901D-54D5-4DE6-8EFF-F63F4BF51A9E}.Release|Any CPU.Build.0 = Release|Any CPU
		{2626901D-54D5-4DE6-8EFF-F63F4BF51A9E}.Release|x86.ActiveCfg = Release|Any CPU
		{2626901D-54D5-4DE6-8EFF-F63F4BF51A9E}.Release|x86.Build.0 = Release|Any CPU
		{4F5B3749-B765-471A-B6BC-5977F3DB7965}.Debug|Any CPU.ActiveCfg = Debug|Any CPU
		{4F5B3749-B765-471A-B6BC-5977F3DB7965}.Debug|Any CPU.Build.0 = Debug|Any CPU
		{4F5B3749-B765-471A-B6BC-5977F3DB7965}.Debug|x86.ActiveCfg = Debug|Any CPU
		{4F5B3749-B765-471A-B6BC-5977F3DB7965}.Debug|x86.Build.0 = Debug|Any CPU
		{4F5B3749-B765-471A-B6BC-5977F3DB7965}.Release|Any CPU.ActiveCfg = Release|Any CPU
		{4F5B3749-B765-471A-B6BC-5977F3DB7965}.Release|Any CPU.Build.0 = Release|Any CPU
		{4F5B3749-B765-471A-B6BC-5977F3DB7965}.Release|x86.ActiveCfg = Release|Any CPU
		{4F5B3749-B765-471A-B6BC-5977F3DB7965}.Release|x86.Build.0 = Release|Any CPU
		{AD5CE27A-C19B-4F4C-8CC0-46CCD094E018}.Debug|Any CPU.ActiveCfg = Debug|Any CPU
		{AD5CE27A-C19B-4F4C-8CC0-46CCD094E018}.Debug|Any CPU.Build.0 = Debug|Any CPU
		{AD5CE27A-C19B-4F4C-8CC0-46CCD094E018}.Debug|x86.ActiveCfg = Debug|Any CPU
		{AD5CE27A-C19B-4F4C-8CC0-46CCD094E018}.Debug|x86.Build.0 = Debug|Any CPU
		{AD5CE27A-C19B-4F4C-8CC0-46CCD094E018}.Release|Any CPU.ActiveCfg = Release|Any CPU
		{AD5CE27A-C19B-4F4C-8CC0-46CCD094E018}.Release|Any CPU.Build.0 = Release|Any CPU
		{AD5CE27A-C19B-4F4C-8CC0-46CCD094E018}.Release|x86.ActiveCfg = Release|Any CPU
		{AD5CE27A-C19B-4F4C-8CC0-46CCD094E018}.Release|x86.Build.0 = Release|Any CPU
		{94B3085C-963E-4356-BE52-D1CC5E9B6AE1}.Debug|Any CPU.ActiveCfg = Debug|Any CPU
		{94B3085C-963E-4356-BE52-D1CC5E9B6AE1}.Debug|Any CPU.Build.0 = Debug|Any CPU
		{94B3085C-963E-4356-BE52-D1CC5E9B6AE1}.Debug|x86.ActiveCfg = Debug|Any CPU
		{94B3085C-963E-4356-BE52-D1CC5E9B6AE1}.Debug|x86.Build.0 = Debug|Any CPU
		{94B3085C-963E-4356-BE52-D1CC5E9B6AE1}.Release|Any CPU.ActiveCfg = Release|Any CPU
		{94B3085C-963E-4356-BE52-D1CC5E9B6AE1}.Release|Any CPU.Build.0 = Release|Any CPU
		{94B3085C-963E-4356-BE52-D1CC5E9B6AE1}.Release|x86.ActiveCfg = Release|Any CPU
		{94B3085C-963E-4356-BE52-D1CC5E9B6AE1}.Release|x86.Build.0 = Release|Any CPU
		{7BB2CA3F-B138-4C68-B8C5-1D1A3DC3B32B}.Debug|Any CPU.ActiveCfg = Debug|Any CPU
		{7BB2CA3F-B138-4C68-B8C5-1D1A3DC3B32B}.Debug|Any CPU.Build.0 = Debug|Any CPU
		{7BB2CA3F-B138-4C68-B8C5-1D1A3DC3B32B}.Debug|x86.ActiveCfg = Debug|Any CPU
		{7BB2CA3F-B138-4C68-B8C5-1D1A3DC3B32B}.Debug|x86.Build.0 = Debug|Any CPU
		{7BB2CA3F-B138-4C68-B8C5-1D1A3DC3B32B}.Release|Any CPU.ActiveCfg = Release|Any CPU
		{7BB2CA3F-B138-4C68-B8C5-1D1A3DC3B32B}.Release|Any CPU.Build.0 = Release|Any CPU
		{7BB2CA3F-B138-4C68-B8C5-1D1A3DC3B32B}.Release|x86.ActiveCfg = Release|Any CPU
		{7BB2CA3F-B138-4C68-B8C5-1D1A3DC3B32B}.Release|x86.Build.0 = Release|Any CPU
		{25FDFF2A-009A-47E1-B306-74979DC1D080}.Debug|Any CPU.ActiveCfg = Debug|Any CPU
		{25FDFF2A-009A-47E1-B306-74979DC1D080}.Debug|Any CPU.Build.0 = Debug|Any CPU
		{25FDFF2A-009A-47E1-B306-74979DC1D080}.Debug|x86.ActiveCfg = Debug|Any CPU
		{25FDFF2A-009A-47E1-B306-74979DC1D080}.Debug|x86.Build.0 = Debug|Any CPU
		{25FDFF2A-009A-47E1-B306-74979DC1D080}.Release|Any CPU.ActiveCfg = Release|Any CPU
		{25FDFF2A-009A-47E1-B306-74979DC1D080}.Release|Any CPU.Build.0 = Release|Any CPU
		{25FDFF2A-009A-47E1-B306-74979DC1D080}.Release|x86.ActiveCfg = Release|Any CPU
		{25FDFF2A-009A-47E1-B306-74979DC1D080}.Release|x86.Build.0 = Release|Any CPU
		{360AFA3F-C41A-4CB3-84B7-215201B1426D}.Debug|Any CPU.ActiveCfg = Debug|Any CPU
		{360AFA3F-C41A-4CB3-84B7-215201B1426D}.Debug|Any CPU.Build.0 = Debug|Any CPU
		{360AFA3F-C41A-4CB3-84B7-215201B1426D}.Debug|x86.ActiveCfg = Debug|Any CPU
		{360AFA3F-C41A-4CB3-84B7-215201B1426D}.Debug|x86.Build.0 = Debug|Any CPU
		{360AFA3F-C41A-4CB3-84B7-215201B1426D}.Release|Any CPU.ActiveCfg = Release|Any CPU
		{360AFA3F-C41A-4CB3-84B7-215201B1426D}.Release|Any CPU.Build.0 = Release|Any CPU
		{360AFA3F-C41A-4CB3-84B7-215201B1426D}.Release|x86.ActiveCfg = Release|Any CPU
		{360AFA3F-C41A-4CB3-84B7-215201B1426D}.Release|x86.Build.0 = Release|Any CPU
		{31E5EAC6-44DF-461D-9903-6ED053F2BED4}.Debug|Any CPU.ActiveCfg = Debug|Any CPU
		{31E5EAC6-44DF-461D-9903-6ED053F2BED4}.Debug|Any CPU.Build.0 = Debug|Any CPU
		{31E5EAC6-44DF-461D-9903-6ED053F2BED4}.Debug|x86.ActiveCfg = Debug|Any CPU
		{31E5EAC6-44DF-461D-9903-6ED053F2BED4}.Debug|x86.Build.0 = Debug|Any CPU
		{31E5EAC6-44DF-461D-9903-6ED053F2BED4}.Release|Any CPU.ActiveCfg = Release|Any CPU
		{31E5EAC6-44DF-461D-9903-6ED053F2BED4}.Release|Any CPU.Build.0 = Release|Any CPU
		{31E5EAC6-44DF-461D-9903-6ED053F2BED4}.Release|x86.ActiveCfg = Release|Any CPU
		{31E5EAC6-44DF-461D-9903-6ED053F2BED4}.Release|x86.Build.0 = Release|Any CPU
		{CB1A820C-A524-4A4E-A7D7-4E49151C79FA}.Debug|Any CPU.ActiveCfg = Debug|Any CPU
		{CB1A820C-A524-4A4E-A7D7-4E49151C79FA}.Debug|Any CPU.Build.0 = Debug|Any CPU
		{CB1A820C-A524-4A4E-A7D7-4E49151C79FA}.Debug|x86.ActiveCfg = Debug|x86
		{CB1A820C-A524-4A4E-A7D7-4E49151C79FA}.Debug|x86.Build.0 = Debug|x86
		{CB1A820C-A524-4A4E-A7D7-4E49151C79FA}.Release|Any CPU.ActiveCfg = Release|Any CPU
		{CB1A820C-A524-4A4E-A7D7-4E49151C79FA}.Release|Any CPU.Build.0 = Release|Any CPU
		{CB1A820C-A524-4A4E-A7D7-4E49151C79FA}.Release|x86.ActiveCfg = Release|x86
		{CB1A820C-A524-4A4E-A7D7-4E49151C79FA}.Release|x86.Build.0 = Release|x86
		{A16652B3-F989-4C76-881C-C910F0C15F01}.Debug|Any CPU.ActiveCfg = Debug|Any CPU
		{A16652B3-F989-4C76-881C-C910F0C15F01}.Debug|Any CPU.Build.0 = Debug|Any CPU
		{A16652B3-F989-4C76-881C-C910F0C15F01}.Debug|x86.ActiveCfg = Debug|Any CPU
		{A16652B3-F989-4C76-881C-C910F0C15F01}.Debug|x86.Build.0 = Debug|Any CPU
		{A16652B3-F989-4C76-881C-C910F0C15F01}.Release|Any CPU.ActiveCfg = Release|Any CPU
		{A16652B3-F989-4C76-881C-C910F0C15F01}.Release|Any CPU.Build.0 = Release|Any CPU
		{A16652B3-F989-4C76-881C-C910F0C15F01}.Release|x86.ActiveCfg = Release|Any CPU
		{A16652B3-F989-4C76-881C-C910F0C15F01}.Release|x86.Build.0 = Release|Any CPU
		{7C1156BB-B128-47B7-8EB0-ECF2002AC217}.Debug|Any CPU.ActiveCfg = Debug|Any CPU
		{7C1156BB-B128-47B7-8EB0-ECF2002AC217}.Debug|Any CPU.Build.0 = Debug|Any CPU
		{7C1156BB-B128-47B7-8EB0-ECF2002AC217}.Debug|x86.ActiveCfg = Debug|Any CPU
		{7C1156BB-B128-47B7-8EB0-ECF2002AC217}.Debug|x86.Build.0 = Debug|Any CPU
		{7C1156BB-B128-47B7-8EB0-ECF2002AC217}.Release|Any CPU.ActiveCfg = Release|Any CPU
		{7C1156BB-B128-47B7-8EB0-ECF2002AC217}.Release|Any CPU.Build.0 = Release|Any CPU
		{7C1156BB-B128-47B7-8EB0-ECF2002AC217}.Release|x86.ActiveCfg = Release|Any CPU
		{7C1156BB-B128-47B7-8EB0-ECF2002AC217}.Release|x86.Build.0 = Release|Any CPU
		{8AB9F453-0D84-4ABF-A2B7-5D5D65683C3C}.Debug|Any CPU.ActiveCfg = Debug|Any CPU
		{8AB9F453-0D84-4ABF-A2B7-5D5D65683C3C}.Debug|Any CPU.Build.0 = Debug|Any CPU
		{8AB9F453-0D84-4ABF-A2B7-5D5D65683C3C}.Debug|x86.ActiveCfg = Debug|Any CPU
		{8AB9F453-0D84-4ABF-A2B7-5D5D65683C3C}.Debug|x86.Build.0 = Debug|Any CPU
		{8AB9F453-0D84-4ABF-A2B7-5D5D65683C3C}.Release|Any CPU.ActiveCfg = Release|Any CPU
		{8AB9F453-0D84-4ABF-A2B7-5D5D65683C3C}.Release|Any CPU.Build.0 = Release|Any CPU
		{8AB9F453-0D84-4ABF-A2B7-5D5D65683C3C}.Release|x86.ActiveCfg = Release|Any CPU
		{8AB9F453-0D84-4ABF-A2B7-5D5D65683C3C}.Release|x86.Build.0 = Release|Any CPU
	EndGlobalSection
	GlobalSection(SolutionProperties) = preSolution
		HideSolutionNode = FALSE
	EndGlobalSection
	GlobalSection(NestedProjects) = preSolution
		{D78E3A18-E04D-4017-B0E9-0A813FC287DB} = {B3505491-272D-4A81-95C1-61DC69C5CE37}
		{CC13E674-10C6-4581-BC8E-C055F00A8EF3} = {8858BCA9-96E3-470E-B833-199568449E47}
		{2C3D6518-DF36-4514-9316-ABC1EE69B316} = {8858BCA9-96E3-470E-B833-199568449E47}
		{DB33660C-D9B2-4A22-B97D-4E7EBD035507} = {8858BCA9-96E3-470E-B833-199568449E47}
		{084FCF40-E2CD-409C-B22D-4A27C4EFFCB9} = {8858BCA9-96E3-470E-B833-199568449E47}
		{50BE30D1-7E25-4505-8FE4-975B7FCF7058} = {8858BCA9-96E3-470E-B833-199568449E47}
		{2D7C685B-E5F2-411E-850A-8258D4AD957A} = {AF407003-7A19-4CE2-80CF-66C50FBDFD64}
		{01D3B6CF-ED01-4C06-856F-48FE981093E5} = {AF407003-7A19-4CE2-80CF-66C50FBDFD64}
		{CD6CF08A-C433-4BF1-8823-DDB960B7BA49} = {AF407003-7A19-4CE2-80CF-66C50FBDFD64}
		{0AC63671-0D9D-43D6-A434-3A9F2D15ADB9} = {AF407003-7A19-4CE2-80CF-66C50FBDFD64}
		{33831B2D-8428-44F7-BC03-5838B8E1457D} = {772CAF3A-1CCC-4B3F-9D32-2BAAEC1AE977}
		{0E6D63CC-E5F6-4FC5-B853-06176900D0EA} = {772CAF3A-1CCC-4B3F-9D32-2BAAEC1AE977}
		{13D391B3-7C46-4773-A357-E7D0E3C384C2} = {D78E3A18-E04D-4017-B0E9-0A813FC287DB}
		{16E38387-BDA0-4334-A032-6FDA2C2215D5} = {D78E3A18-E04D-4017-B0E9-0A813FC287DB}
		{88ADC8C1-F757-44DF-8EEB-5B8CFC49BB97} = {CC13E674-10C6-4581-BC8E-C055F00A8EF3}
		{25062A26-1B51-40F2-BC00-20D69C4202CC} = {CC13E674-10C6-4581-BC8E-C055F00A8EF3}
		{A09EE9C7-2027-4D00-81F7-6078FDC056D9} = {25062A26-1B51-40F2-BC00-20D69C4202CC}
		{C28CA417-FC28-4D70-8B15-6632973AF7B7} = {25062A26-1B51-40F2-BC00-20D69C4202CC}
		{4C8A1161-97CC-420C-A686-9FE9262F0B0F} = {2C3D6518-DF36-4514-9316-ABC1EE69B316}
		{9CADE312-7875-494B-8F1E-2C48158D4FAD} = {DB33660C-D9B2-4A22-B97D-4E7EBD035507}
		{8599E453-5025-4A65-9829-DE40459591CF} = {084FCF40-E2CD-409C-B22D-4A27C4EFFCB9}
		{2579D16F-3F36-4786-A721-6BC7AA73C0F2} = {50BE30D1-7E25-4505-8FE4-975B7FCF7058}
		{BFA4C0DD-0A8C-4616-9608-3BC12CDF3CB2} = {2D7C685B-E5F2-411E-850A-8258D4AD957A}
		{7BFB1E28-8001-4A8E-B26A-4140D3136EC9} = {01D3B6CF-ED01-4C06-856F-48FE981093E5}
		{2F339B44-6721-4811-8647-1CFA80D47DB5} = {CD6CF08A-C433-4BF1-8823-DDB960B7BA49}
		{D4CBCCA7-0BA3-48BE-8DDE-03088B6E0D4E} = {0AC63671-0D9D-43D6-A434-3A9F2D15ADB9}
		{C01D22BC-A143-4522-B3C2-6D175606D4E9} = {33831B2D-8428-44F7-BC03-5838B8E1457D}
		{39ACEECA-FB4D-4938-8A86-C2BA9633AE03} = {0E6D63CC-E5F6-4FC5-B853-06176900D0EA}
		{FAE115A9-36C0-4896-857F-2C5F14E3BCD9} = {0E6D63CC-E5F6-4FC5-B853-06176900D0EA}
		{2EE0C783-CAE9-422E-B16D-C68B8843EB83} = {33831B2D-8428-44F7-BC03-5838B8E1457D}
		{4E004BE7-194C-4170-A9F4-74C81E97067B} = {0AC63671-0D9D-43D6-A434-3A9F2D15ADB9}
		{700410A1-0265-4E73-A294-BFB3E54F44C7} = {CD6CF08A-C433-4BF1-8823-DDB960B7BA49}
		{4A0E1F44-3BAB-46D2-B4C8-D7782FC97E0A} = {01D3B6CF-ED01-4C06-856F-48FE981093E5}
		{983C8872-C7EE-4A5C-925E-7A08DAA6B95D} = {2D7C685B-E5F2-411E-850A-8258D4AD957A}
		{4469000E-05F0-46EF-B913-3752A387DA5F} = {50BE30D1-7E25-4505-8FE4-975B7FCF7058}
		{015BFBCD-E664-4F0D-8379-CAC9E1AB28DB} = {084FCF40-E2CD-409C-B22D-4A27C4EFFCB9}
		{029A9D74-5F23-46E8-8528-8B631AB59DF1} = {DB33660C-D9B2-4A22-B97D-4E7EBD035507}
		{C7FF861D-C5D7-4D01-84DE-65A36519F081} = {2C3D6518-DF36-4514-9316-ABC1EE69B316}
		{2626901D-54D5-4DE6-8EFF-F63F4BF51A9E} = {029A9D74-5F23-46E8-8528-8B631AB59DF1}
		{4F5B3749-B765-471A-B6BC-5977F3DB7965} = {015BFBCD-E664-4F0D-8379-CAC9E1AB28DB}
		{AD5CE27A-C19B-4F4C-8CC0-46CCD094E018} = {4469000E-05F0-46EF-B913-3752A387DA5F}
		{94B3085C-963E-4356-BE52-D1CC5E9B6AE1} = {C7FF861D-C5D7-4D01-84DE-65A36519F081}
		{7BB2CA3F-B138-4C68-B8C5-1D1A3DC3B32B} = {983C8872-C7EE-4A5C-925E-7A08DAA6B95D}
		{25FDFF2A-009A-47E1-B306-74979DC1D080} = {4A0E1F44-3BAB-46D2-B4C8-D7782FC97E0A}
		{360AFA3F-C41A-4CB3-84B7-215201B1426D} = {4E004BE7-194C-4170-A9F4-74C81E97067B}
		{31E5EAC6-44DF-461D-9903-6ED053F2BED4} = {700410A1-0265-4E73-A294-BFB3E54F44C7}
		{CB1A820C-A524-4A4E-A7D7-4E49151C79FA} = {2EE0C783-CAE9-422E-B16D-C68B8843EB83}
		{A16652B3-F989-4C76-881C-C910F0C15F01} = {13D391B3-7C46-4773-A357-E7D0E3C384C2}
		{7C1156BB-B128-47B7-8EB0-ECF2002AC217} = {FAE115A9-36C0-4896-857F-2C5F14E3BCD9}
		{8AB9F453-0D84-4ABF-A2B7-5D5D65683C3C} = {13D391B3-7C46-4773-A357-E7D0E3C384C2}
	EndGlobalSection
	GlobalSection(ExtensibilityGlobals) = postSolution
		SolutionGuid = {DDA066A0-F32D-43EA-978D-2A1000AF6E1E}
	EndGlobalSection
EndGlobal
